
Microsoft Visual Studio Solution File, Format Version 12.00
# Visual Studio Version 16
VisualStudioVersion = 16.0.33529.622
MinimumVisualStudioVersion = 10.0.40219.1
Project("{FAE04EC0-301F-11D3-BF4B-00C04F79EFBC}") = "BinaryBuilder", "BinaryBuilder\BinaryBuilder.csproj", "{5F23D0DB-1BFC-4F07-9207-5851D1970387}"
EndProject
Project("{FAE04EC0-301F-11D3-BF4B-00C04F79EFBC}") = "BinaryBuildTool", "BinaryBuildTool\BinaryBuildTool.csproj", "{4EA7DF77-3B88-4D6A-A30A-92A40B4A080D}"
EndProject
Global
	GlobalSection(SolutionConfigurationPlatforms) = preSolution
		Debug|Any CPU = Debug|Any CPU
		Release|Any CPU = Release|Any CPU
	EndGlobalSection
	GlobalSection(ProjectConfigurationPlatforms) = postSolution
		{5F23D0DB-1BFC-4F07-9207-5851D1970387}.Debug|Any CPU.ActiveCfg = Debug|Any CPU
		{5F23D0DB-1BFC-4F07-9207-5851D1970387}.Debug|Any CPU.Build.0 = Debug|Any CPU
		{5F23D0DB-1BFC-4F07-9207-5851D1970387}.Release|Any CPU.ActiveCfg = Release|Any CPU
		{5F23D0DB-1BFC-4F07-9207-5851D1970387}.Release|Any CPU.Build.0 = Release|Any CPU
		{4EA7DF77-3B88-4D6A-A30A-92A40B4A080D}.Debug|Any CPU.ActiveCfg = Debug|Any CPU
		{4EA7DF77-3B88-4D6A-A30A-92A40B4A080D}.Debug|Any CPU.Build.0 = Debug|Any CPU
		{4EA7DF77-3B88-4D6A-A30A-92A40B4A080D}.Release|Any CPU.ActiveCfg = Release|Any CPU
		{4EA7DF77-3B88-4D6A-A30A-92A40B4A080D}.Release|Any CPU.Build.0 = Release|Any CPU
	EndGlobalSection
	GlobalSection(SolutionProperties) = preSolution
		HideSolutionNode = FALSE
	EndGlobalSection
	GlobalSection(ExtensibilityGlobals) = postSolution
		SolutionGuid = {BEA2D638-DBD9-40CB-ABA1-5683AB0B36DB}
	EndGlobalSection
EndGlobal
